// !$*UTF8*$!
{
	archiveVersion = 1;
	classes = {
	};
	objectVersion = 56;
	objects = {

/* Begin PBXBuildFile section */
		ACBC90792B8E88D500B9997A /* AppDelegate.swift in Sources */ = {isa = PBXBuildFile; fileRef = ACBC90782B8E88D500B9997A /* AppDelegate.swift */; };
		ACBC907B2B8E88D500B9997A /* SceneDelegate.swift in Sources */ = {isa = PBXBuildFile; fileRef = ACBC907A2B8E88D500B9997A /* SceneDelegate.swift */; };
		ACBC907D2B8E88D500B9997A /* ViewController.swift in Sources */ = {isa = PBXBuildFile; fileRef = ACBC907C2B8E88D500B9997A /* ViewController.swift */; };
		ACBC90802B8E88D500B9997A /* Main.storyboard in Resources */ = {isa = PBXBuildFile; fileRef = ACBC907E2B8E88D500B9997A /* Main.storyboard */; };
		ACBC90822B8E88D800B9997A /* Assets.xcassets in Resources */ = {isa = PBXBuildFile; fileRef = ACBC90812B8E88D800B9997A /* Assets.xcassets */; };
		ACBC90852B8E88D800B9997A /* LaunchScreen.storyboard in Resources */ = {isa = PBXBuildFile; fileRef = ACBC90832B8E88D800B9997A /* LaunchScreen.storyboard */; };
		ACBC90902B8E88D900B9997A /* SigmaStoryTests.swift in Sources */ = {isa = PBXBuildFile; fileRef = ACBC908F2B8E88D900B9997A /* SigmaStoryTests.swift */; };
		ACBC909A2B8E88D900B9997A /* SigmaStoryUITests.swift in Sources */ = {isa = PBXBuildFile; fileRef = ACBC90992B8E88D900B9997A /* SigmaStoryUITests.swift */; };
		ACBC909C2B8E88D900B9997A /* SigmaStoryUITestsLaunchTests.swift in Sources */ = {isa = PBXBuildFile; fileRef = ACBC909B2B8E88D900B9997A /* SigmaStoryUITestsLaunchTests.swift */; };
/* End PBXBuildFile section */

/* Begin PBXContainerItemProxy section */
		ACBC908C2B8E88D900B9997A /* PBXContainerItemProxy */ = {
			isa = PBXContainerItemProxy;
			containerPortal = ACBC906D2B8E88D500B9997A /* Project object */;
			proxyType = 1;
			remoteGlobalIDString = ACBC90742B8E88D500B9997A;
			remoteInfo = SigmaStory;
		};
		ACBC90962B8E88D900B9997A /* PBXContainerItemProxy */ = {
			isa = PBXContainerItemProxy;
			containerPortal = ACBC906D2B8E88D500B9997A /* Project object */;
			proxyType = 1;
			remoteGlobalIDString = ACBC90742B8E88D500B9997A;
			remoteInfo = SigmaStory;
		};
/* End PBXContainerItemProxy section */

/* Begin PBXFileReference section */
		ACBC90752B8E88D500B9997A /* SigmaStory.app */ = {isa = PBXFileReference; explicitFileType = wrapper.application; includeInIndex = 0; path = SigmaStory.app; sourceTree = BUILT_PRODUCTS_DIR; };
		ACBC90782B8E88D500B9997A /* AppDelegate.swift */ = {isa = PBXFileReference; lastKnownFileType = sourcecode.swift; path = AppDelegate.swift; sourceTree = "<group>"; };
		ACBC907A2B8E88D500B9997A /* SceneDelegate.swift */ = {isa = PBXFileReference; lastKnownFileType = sourcecode.swift; path = SceneDelegate.swift; sourceTree = "<group>"; };
		ACBC907C2B8E88D500B9997A /* ViewController.swift */ = {isa = PBXFileReference; lastKnownFileType = sourcecode.swift; path = ViewController.swift; sourceTree = "<group>"; };
		ACBC907F2B8E88D500B9997A /* Base */ = {isa = PBXFileReference; lastKnownFileType = file.storyboard; name = Base; path = Base.lproj/Main.storyboard; sourceTree = "<group>"; };
		ACBC90812B8E88D800B9997A /* Assets.xcassets */ = {isa = PBXFileReference; lastKnownFileType = folder.assetcatalog; path = Assets.xcassets; sourceTree = "<group>"; };
		ACBC90842B8E88D800B9997A /* Base */ = {isa = PBXFileReference; lastKnownFileType = file.storyboard; name = Base; path = Base.lproj/LaunchScreen.storyboard; sourceTree = "<group>"; };
		ACBC90862B8E88D800B9997A /* Info.plist */ = {isa = PBXFileReference; lastKnownFileType = text.plist.xml; path = Info.plist; sourceTree = "<group>"; };
		ACBC908B2B8E88D900B9997A /* SigmaStoryTests.xctest */ = {isa = PBXFileReference; explicitFileType = wrapper.cfbundle; includeInIndex = 0; path = SigmaStoryTests.xctest; sourceTree = BUILT_PRODUCTS_DIR; };
		ACBC908F2B8E88D900B9997A /* SigmaStoryTests.swift */ = {isa = PBXFileReference; lastKnownFileType = sourcecode.swift; path = SigmaStoryTests.swift; sourceTree = "<group>"; };
		ACBC90952B8E88D900B9997A /* SigmaStoryUITests.xctest */ = {isa = PBXFileReference; explicitFileType = wrapper.cfbundle; includeInIndex = 0; path = SigmaStoryUITests.xctest; sourceTree = BUILT_PRODUCTS_DIR; };
		ACBC90992B8E88D900B9997A /* SigmaStoryUITests.swift */ = {isa = PBXFileReference; lastKnownFileType = sourcecode.swift; path = SigmaStoryUITests.swift; sourceTree = "<group>"; };
		ACBC909B2B8E88D900B9997A /* SigmaStoryUITestsLaunchTests.swift */ = {isa = PBXFileReference; lastKnownFileType = sourcecode.swift; path = SigmaStoryUITestsLaunchTests.swift; sourceTree = "<group>"; };
/* End PBXFileReference section */

/* Begin PBXFrameworksBuildPhase section */
		ACBC90722B8E88D500B9997A /* Frameworks */ = {
			isa = PBXFrameworksBuildPhase;
			buildActionMask = 2147483647;
			files = (
			);
			runOnlyForDeploymentPostprocessing = 0;
		};
		ACBC90882B8E88D900B9997A /* Frameworks */ = {
			isa = PBXFrameworksBuildPhase;
			buildActionMask = 2147483647;
			files = (
			);
			runOnlyForDeploymentPostprocessing = 0;
		};
		ACBC90922B8E88D900B9997A /* Frameworks */ = {
			isa = PBXFrameworksBuildPhase;
			buildActionMask = 2147483647;
			files = (
			);
			runOnlyForDeploymentPostprocessing = 0;
		};
/* End PBXFrameworksBuildPhase section */

/* Begin PBXGroup section */
		ACBC906C2B8E88D500B9997A = {
			isa = PBXGroup;
			children = (
				ACBC90772B8E88D500B9997A /* SigmaStory */,
				ACBC908E2B8E88D900B9997A /* SigmaStoryTests */,
				ACBC90982B8E88D900B9997A /* SigmaStoryUITests */,
				ACBC90762B8E88D500B9997A /* Products */,
			);
			sourceTree = "<group>";
		};
		ACBC90762B8E88D500B9997A /* Products */ = {
			isa = PBXGroup;
			children = (
				ACBC90752B8E88D500B9997A /* SigmaStory.app */,
				ACBC908B2B8E88D900B9997A /* SigmaStoryTests.xctest */,
				ACBC90952B8E88D900B9997A /* SigmaStoryUITests.xctest */,
			);
			name = Products;
			sourceTree = "<group>";
		};
		ACBC90772B8E88D500B9997A /* SigmaStory */ = {
			isa = PBXGroup;
			children = (
				ACBC90782B8E88D500B9997A /* AppDelegate.swift */,
				ACBC907A2B8E88D500B9997A /* SceneDelegate.swift */,
				ACBC907C2B8E88D500B9997A /* ViewController.swift */,
				ACBC907E2B8E88D500B9997A /* Main.storyboard */,
				ACBC90812B8E88D800B9997A /* Assets.xcassets */,
				ACBC90832B8E88D800B9997A /* LaunchScreen.storyboard */,
				ACBC90862B8E88D800B9997A /* Info.plist */,
			);
			path = SigmaStory;
			sourceTree = "<group>";
		};
		ACBC908E2B8E88D900B9997A /* SigmaStoryTests */ = {
			isa = PBXGroup;
			children = (
				ACBC908F2B8E88D900B9997A /* SigmaStoryTests.swift */,
			);
			path = SigmaStoryTests;
			sourceTree = "<group>";
		};
		ACBC90982B8E88D900B9997A /* SigmaStoryUITests */ = {
			isa = PBXGroup;
			children = (
				ACBC90992B8E88D900B9997A /* SigmaStoryUITests.swift */,
				ACBC909B2B8E88D900B9997A /* SigmaStoryUITestsLaunchTests.swift */,
			);
			path = SigmaStoryUITests;
			sourceTree = "<group>";
		};
/* End PBXGroup section */

/* Begin PBXNativeTarget section */
		ACBC90742B8E88D500B9997A /* SigmaStory */ = {
			isa = PBXNativeTarget;
			buildConfigurationList = ACBC909F2B8E88D900B9997A /* Build configuration list for PBXNativeTarget "SigmaStory" */;
			buildPhases = (
				ACBC90712B8E88D500B9997A /* Sources */,
				ACBC90722B8E88D500B9997A /* Frameworks */,
				ACBC90732B8E88D500B9997A /* Resources */,
			);
			buildRules = (
			);
			dependencies = (
			);
			name = SigmaStory;
			productName = SigmaStory;
			productReference = ACBC90752B8E88D500B9997A /* SigmaStory.app */;
			productType = "com.apple.product-type.application";
		};
		ACBC908A2B8E88D900B9997A /* SigmaStoryTests */ = {
			isa = PBXNativeTarget;
			buildConfigurationList = ACBC90A22B8E88D900B9997A /* Build configuration list for PBXNativeTarget "SigmaStoryTests" */;
			buildPhases = (
				ACBC90872B8E88D900B9997A /* Sources */,
				ACBC90882B8E88D900B9997A /* Frameworks */,
				ACBC90892B8E88D900B9997A /* Resources */,
			);
			buildRules = (
			);
			dependencies = (
				ACBC908D2B8E88D900B9997A /* PBXTargetDependency */,
			);
			name = SigmaStoryTests;
			productName = SigmaStoryTests;
			productReference = ACBC908B2B8E88D900B9997A /* SigmaStoryTests.xctest */;
			productType = "com.apple.product-type.bundle.unit-test";
		};
		ACBC90942B8E88D900B9997A /* SigmaStoryUITests */ = {
			isa = PBXNativeTarget;
			buildConfigurationList = ACBC90A52B8E88D900B9997A /* Build configuration list for PBXNativeTarget "SigmaStoryUITests" */;
			buildPhases = (
				ACBC90912B8E88D900B9997A /* Sources */,
				ACBC90922B8E88D900B9997A /* Frameworks */,
				ACBC90932B8E88D900B9997A /* Resources */,
			);
			buildRules = (
			);
			dependencies = (
				ACBC90972B8E88D900B9997A /* PBXTargetDependency */,
			);
			name = SigmaStoryUITests;
			productName = SigmaStoryUITests;
			productReference = ACBC90952B8E88D900B9997A /* SigmaStoryUITests.xctest */;
			productType = "com.apple.product-type.bundle.ui-testing";
		};
/* End PBXNativeTarget section */

/* Begin PBXProject section */
		ACBC906D2B8E88D500B9997A /* Project object */ = {
			isa = PBXProject;
			attributes = {
				BuildIndependentTargetsInParallel = 1;
				LastSwiftUpdateCheck = 1520;
				LastUpgradeCheck = 1520;
				TargetAttributes = {
					ACBC90742B8E88D500B9997A = {
						CreatedOnToolsVersion = 15.2;
					};
					ACBC908A2B8E88D900B9997A = {
						CreatedOnToolsVersion = 15.2;
						TestTargetID = ACBC90742B8E88D500B9997A;
					};
					ACBC90942B8E88D900B9997A = {
						CreatedOnToolsVersion = 15.2;
						TestTargetID = ACBC90742B8E88D500B9997A;
					};
				};
			};
			buildConfigurationList = ACBC90702B8E88D500B9997A /* Build configuration list for PBXProject "SigmaStory" */;
			compatibilityVersion = "Xcode 14.0";
			developmentRegion = en;
			hasScannedForEncodings = 0;
			knownRegions = (
				en,
				Base,
			);
			mainGroup = ACBC906C2B8E88D500B9997A;
			productRefGroup = ACBC90762B8E88D500B9997A /* Products */;
			projectDirPath = "";
			projectRoot = "";
			targets = (
				ACBC90742B8E88D500B9997A /* SigmaStory */,
				ACBC908A2B8E88D900B9997A /* SigmaStoryTests */,
				ACBC90942B8E88D900B9997A /* SigmaStoryUITests */,
			);
		};
/* End PBXProject section */

/* Begin PBXResourcesBuildPhase section */
		ACBC90732B8E88D500B9997A /* Resources */ = {
			isa = PBXResourcesBuildPhase;
			buildActionMask = 2147483647;
			files = (
				ACBC90852B8E88D800B9997A /* LaunchScreen.storyboard in Resources */,
				ACBC90822B8E88D800B9997A /* Assets.xcassets in Resources */,
				ACBC90802B8E88D500B9997A /* Main.storyboard in Resources */,
			);
			runOnlyForDeploymentPostprocessing = 0;
		};
		ACBC90892B8E88D900B9997A /* Resources */ = {
			isa = PBXResourcesBuildPhase;
			buildActionMask = 2147483647;
			files = (
			);
			runOnlyForDeploymentPostprocessing = 0;
		};
		ACBC90932B8E88D900B9997A /* Resources */ = {
			isa = PBXResourcesBuildPhase;
			buildActionMask = 2147483647;
			files = (
			);
			runOnlyForDeploymentPostprocessing = 0;
		};
/* End PBXResourcesBuildPhase section */

/* Begin PBXSourcesBuildPhase section */
		ACBC90712B8E88D500B9997A /* Sources */ = {
			isa = PBXSourcesBuildPhase;
			buildActionMask = 2147483647;
			files = (
				ACBC907D2B8E88D500B9997A /* ViewController.swift in Sources */,
				ACBC90792B8E88D500B9997A /* AppDelegate.swift in Sources */,
				ACBC907B2B8E88D500B9997A /* SceneDelegate.swift in Sources */,
			);
			runOnlyForDeploymentPostprocessing = 0;
		};
		ACBC90872B8E88D900B9997A /* Sources */ = {
			isa = PBXSourcesBuildPhase;
			buildActionMask = 2147483647;
			files = (
				ACBC90902B8E88D900B9997A /* SigmaStoryTests.swift in Sources */,
			);
			runOnlyForDeploymentPostprocessing = 0;
		};
		ACBC90912B8E88D900B9997A /* Sources */ = {
			isa = PBXSourcesBuildPhase;
			buildActionMask = 2147483647;
			files = (
				ACBC909C2B8E88D900B9997A /* SigmaStoryUITestsLaunchTests.swift in Sources */,
				ACBC909A2B8E88D900B9997A /* SigmaStoryUITests.swift in Sources */,
			);
			runOnlyForDeploymentPostprocessing = 0;
		};
/* End PBXSourcesBuildPhase section */

/* Begin PBXTargetDependency section */
		ACBC908D2B8E88D900B9997A /* PBXTargetDependency */ = {
			isa = PBXTargetDependency;
			target = ACBC90742B8E88D500B9997A /* SigmaStory */;
			targetProxy = ACBC908C2B8E88D900B9997A /* PBXContainerItemProxy */;
		};
		ACBC90972B8E88D900B9997A /* PBXTargetDependency */ = {
			isa = PBXTargetDependency;
			target = ACBC90742B8E88D500B9997A /* SigmaStory */;
			targetProxy = ACBC90962B8E88D900B9997A /* PBXContainerItemProxy */;
		};
/* End PBXTargetDependency section */

/* Begin PBXVariantGroup section */
		ACBC907E2B8E88D500B9997A /* Main.storyboard */ = {
			isa = PBXVariantGroup;
			children = (
				ACBC907F2B8E88D500B9997A /* Base */,
			);
			name = Main.storyboard;
			sourceTree = "<group>";
		};
		ACBC90832B8E88D800B9997A /* LaunchScreen.storyboard */ = {
			isa = PBXVariantGroup;
			children = (
				ACBC90842B8E88D800B9997A /* Base */,
			);
			name = LaunchScreen.storyboard;
			sourceTree = "<group>";
		};
/* End PBXVariantGroup section */

/* Begin XCBuildConfiguration section */
		ACBC909D2B8E88D900B9997A /* Debug */ = {
			isa = XCBuildConfiguration;
			buildSettings = {
				ALWAYS_SEARCH_USER_PATHS = NO;
				ASSETCATALOG_COMPILER_GENERATE_SWIFT_ASSET_SYMBOL_EXTENSIONS = YES;
				CLANG_ANALYZER_NONNULL = YES;
				CLANG_ANALYZER_NUMBER_OBJECT_CONVERSION = YES_AGGRESSIVE;
				CLANG_CXX_LANGUAGE_STANDARD = "gnu++20";
				CLANG_ENABLE_MODULES = YES;
				CLANG_ENABLE_OBJC_ARC = YES;
				CLANG_ENABLE_OBJC_WEAK = YES;
				CLANG_WARN_BLOCK_CAPTURE_AUTORELEASING = YES;
				CLANG_WARN_BOOL_CONVERSION = YES;
				CLANG_WARN_COMMA = YES;
				CLANG_WARN_CONSTANT_CONVERSION = YES;
				CLANG_WARN_DEPRECATED_OBJC_IMPLEMENTATIONS = YES;
				CLANG_WARN_DIRECT_OBJC_ISA_USAGE = YES_ERROR;
				CLANG_WARN_DOCUMENTATION_COMMENTS = YES;
				CLANG_WARN_EMPTY_BODY = YES;
				CLANG_WARN_ENUM_CONVERSION = YES;
				CLANG_WARN_INFINITE_RECURSION = YES;
				CLANG_WARN_INT_CONVERSION = YES;
				CLANG_WARN_NON_LITERAL_NULL_CONVERSION = YES;
				CLANG_WARN_OBJC_IMPLICIT_RETAIN_SELF = YES;
				CLANG_WARN_OBJC_LITERAL_CONVERSION = YES;
				CLANG_WARN_OBJC_ROOT_CLASS = YES_ERROR;
				CLANG_WARN_QUOTED_INCLUDE_IN_FRAMEWORK_HEADER = YES;
				CLANG_WARN_RANGE_LOOP_ANALYSIS = YES;
				CLANG_WARN_STRICT_PROTOTYPES = YES;
				CLANG_WARN_SUSPICIOUS_MOVE = YES;
				CLANG_WARN_UNGUARDED_AVAILABILITY = YES_AGGRESSIVE;
				CLANG_WARN_UNREACHABLE_CODE = YES;
				CLANG_WARN__DUPLICATE_METHOD_MATCH = YES;
				COPY_PHASE_STRIP = NO;
				DEBUG_INFORMATION_FORMAT = dwarf;
				ENABLE_STRICT_OBJC_MSGSEND = YES;
				ENABLE_TESTABILITY = YES;
				ENABLE_USER_SCRIPT_SANDBOXING = YES;
				GCC_C_LANGUAGE_STANDARD = gnu17;
				GCC_DYNAMIC_NO_PIC = NO;
				GCC_NO_COMMON_BLOCKS = YES;
				GCC_OPTIMIZATION_LEVEL = 0;
				GCC_PREPROCESSOR_DEFINITIONS = (
					"DEBUG=1",
					"$(inherited)",
				);
				GCC_WARN_64_TO_32_BIT_CONVERSION = YES;
				GCC_WARN_ABOUT_RETURN_TYPE = YES_ERROR;
				GCC_WARN_UNDECLARED_SELECTOR = YES;
				GCC_WARN_UNINITIALIZED_AUTOS = YES_AGGRESSIVE;
				GCC_WARN_UNUSED_FUNCTION = YES;
				GCC_WARN_UNUSED_VARIABLE = YES;
				IPHONEOS_DEPLOYMENT_TARGET = 17.2;
				LOCALIZATION_PREFERS_STRING_CATALOGS = YES;
				MTL_ENABLE_DEBUG_INFO = INCLUDE_SOURCE;
				MTL_FAST_MATH = YES;
				ONLY_ACTIVE_ARCH = YES;
				SDKROOT = iphoneos;
				SWIFT_ACTIVE_COMPILATION_CONDITIONS = "DEBUG $(inherited)";
				SWIFT_OPTIMIZATION_LEVEL = "-Onone";
			};
			name = Debug;
		};
		ACBC909E2B8E88D900B9997A /* Release */ = {
			isa = XCBuildConfiguration;
			buildSettings = {
				ALWAYS_SEARCH_USER_PATHS = NO;
				ASSETCATALOG_COMPILER_GENERATE_SWIFT_ASSET_SYMBOL_EXTENSIONS = YES;
				CLANG_ANALYZER_NONNULL = YES;
				CLANG_ANALYZER_NUMBER_OBJECT_CONVERSION = YES_AGGRESSIVE;
				CLANG_CXX_LANGUAGE_STANDARD = "gnu++20";
				CLANG_ENABLE_MODULES = YES;
				CLANG_ENABLE_OBJC_ARC = YES;
				CLANG_ENABLE_OBJC_WEAK = YES;
				CLANG_WARN_BLOCK_CAPTURE_AUTORELEASING = YES;
				CLANG_WARN_BOOL_CONVERSION = YES;
				CLANG_WARN_COMMA = YES;
				CLANG_WARN_CONSTANT_CONVERSION = YES;
				CLANG_WARN_DEPRECATED_OBJC_IMPLEMENTATIONS = YES;
				CLANG_WARN_DIRECT_OBJC_ISA_USAGE = YES_ERROR;
				CLANG_WARN_DOCUMENTATION_COMMENTS = YES;
				CLANG_WARN_EMPTY_BODY = YES;
				CLANG_WARN_ENUM_CONVERSION = YES;
				CLANG_WARN_INFINITE_RECURSION = YES;
				CLANG_WARN_INT_CONVERSION = YES;
				CLANG_WARN_NON_LITERAL_NULL_CONVERSION = YES;
				CLANG_WARN_OBJC_IMPLICIT_RETAIN_SELF = YES;
				CLANG_WARN_OBJC_LITERAL_CONVERSION = YES;
				CLANG_WARN_OBJC_ROOT_CLASS = YES_ERROR;
				CLANG_WARN_QUOTED_INCLUDE_IN_FRAMEWORK_HEADER = YES;
				CLANG_WARN_RANGE_LOOP_ANALYSIS = YES;
				CLANG_WARN_STRICT_PROTOTYPES = YES;
				CLANG_WARN_SUSPICIOUS_MOVE = YES;
				CLANG_WARN_UNGUARDED_AVAILABILITY = YES_AGGRESSIVE;
				CLANG_WARN_UNREACHABLE_CODE = YES;
				CLANG_WARN__DUPLICATE_METHOD_MATCH = YES;
				COPY_PHASE_STRIP = NO;
				DEBUG_INFORMATION_FORMAT = "dwarf-with-dsym";
				ENABLE_NS_ASSERTIONS = NO;
				ENABLE_STRICT_OBJC_MSGSEND = YES;
				ENABLE_USER_SCRIPT_SANDBOXING = YES;
				GCC_C_LANGUAGE_STANDARD = gnu17;
				GCC_NO_COMMON_BLOCKS = YES;
				GCC_WARN_64_TO_32_BIT_CONVERSION = YES;
				GCC_WARN_ABOUT_RETURN_TYPE = YES_ERROR;
				GCC_WARN_UNDECLARED_SELECTOR = YES;
				GCC_WARN_UNINITIALIZED_AUTOS = YES_AGGRESSIVE;
				GCC_WARN_UNUSED_FUNCTION = YES;
				GCC_WARN_UNUSED_VARIABLE = YES;
				IPHONEOS_DEPLOYMENT_TARGET = 17.2;
				LOCALIZATION_PREFERS_STRING_CATALOGS = YES;
				MTL_ENABLE_DEBUG_INFO = NO;
				MTL_FAST_MATH = YES;
				SDKROOT = iphoneos;
				SWIFT_COMPILATION_MODE = wholemodule;
				VALIDATE_PRODUCT = YES;
			};
			name = Release;
		};
		ACBC90A02B8E88D900B9997A /* Debug */ = {
			isa = XCBuildConfiguration;
			buildSettings = {
				ASSETCATALOG_COMPILER_APPICON_NAME = AppIcon;
				ASSETCATALOG_COMPILER_GLOBAL_ACCENT_COLOR_NAME = AccentColor;
				CODE_SIGN_STYLE = Automatic;
				CURRENT_PROJECT_VERSION = 1;
				DEVELOPMENT_TEAM = 8DD389Y36R;
				GENERATE_INFOPLIST_FILE = YES;
				INFOPLIST_FILE = SigmaStory/Info.plist;
				INFOPLIST_KEY_UIApplicationSupportsIndirectInputEvents = YES;
				INFOPLIST_KEY_UILaunchStoryboardName = LaunchScreen;
				INFOPLIST_KEY_UIMainStoryboardFile = Main;
				INFOPLIST_KEY_UISupportedInterfaceOrientations_iPad = "UIInterfaceOrientationPortrait UIInterfaceOrientationPortraitUpsideDown UIInterfaceOrientationLandscapeLeft UIInterfaceOrientationLandscapeRight";
				INFOPLIST_KEY_UISupportedInterfaceOrientations_iPhone = "UIInterfaceOrientationPortrait UIInterfaceOrientationLandscapeLeft UIInterfaceOrientationLandscapeRight";
				LD_RUNPATH_SEARCH_PATHS = (
					"$(inherited)",
					"@executable_path/Frameworks",
				);
				MARKETING_VERSION = 1.0;
				PRODUCT_BUNDLE_IDENTIFIER = Sigma.SigmaStory;
				PRODUCT_NAME = "$(TARGET_NAME)";
				SWIFT_EMIT_LOC_STRINGS = YES;
				SWIFT_VERSION = 5.0;
				TARGETED_DEVICE_FAMILY = "1,2";
			};
			name = Debug;
		};
		ACBC90A12B8E88D900B9997A /* Release */ = {
			isa = XCBuildConfiguration;
			buildSettings = {
				ASSETCATALOG_COMPILER_APPICON_NAME = AppIcon;
				ASSETCATALOG_COMPILER_GLOBAL_ACCENT_COLOR_NAME = AccentColor;
				CODE_SIGN_STYLE = Automatic;
				CURRENT_PROJECT_VERSION = 1;
				DEVELOPMENT_TEAM = 8DD389Y36R;
				GENERATE_INFOPLIST_FILE = YES;
				INFOPLIST_FILE = SigmaStory/Info.plist;
				INFOPLIST_KEY_UIApplicationSupportsIndirectInputEvents = YES;
				INFOPLIST_KEY_UILaunchStoryboardName = LaunchScreen;
				INFOPLIST_KEY_UIMainStoryboardFile = Main;
				INFOPLIST_KEY_UISupportedInterfaceOrientations_iPad = "UIInterfaceOrientationPortrait UIInterfaceOrientationPortraitUpsideDown UIInterfaceOrientationLandscapeLeft UIInterfaceOrientationLandscapeRight";
				INFOPLIST_KEY_UISupportedInterfaceOrientations_iPhone = "UIInterfaceOrientationPortrait UIInterfaceOrientationLandscapeLeft UIInterfaceOrientationLandscapeRight";
				LD_RUNPATH_SEARCH_PATHS = (
					"$(inherited)",
					"@executable_path/Frameworks",
				);
				MARKETING_VERSION = 1.0;
				PRODUCT_BUNDLE_IDENTIFIER = Sigma.SigmaStory;
				PRODUCT_NAME = "$(TARGET_NAME)";
				SWIFT_EMIT_LOC_STRINGS = YES;
				SWIFT_VERSION = 5.0;
				TARGETED_DEVICE_FAMILY = "1,2";
			};
			name = Release;
		};
		ACBC90A32B8E88D900B9997A /* Debug */ = {
			isa = XCBuildConfiguration;
			buildSettings = {
				ALWAYS_EMBED_SWIFT_STANDARD_LIBRARIES = YES;
				BUNDLE_LOADER = "$(TEST_HOST)";
				CODE_SIGN_STYLE = Automatic;
				CURRENT_PROJECT_VERSION = 1;
				DEVELOPMENT_TEAM = 8DD389Y36R;
				GENERATE_INFOPLIST_FILE = YES;
				IPHONEOS_DEPLOYMENT_TARGET = 17.2;
				MARKETING_VERSION = 1.0;
				PRODUCT_BUNDLE_IDENTIFIER = Sigma.SigmaStoryTests;
				PRODUCT_NAME = "$(TARGET_NAME)";
				SWIFT_EMIT_LOC_STRINGS = NO;
				SWIFT_VERSION = 5.0;
				TARGETED_DEVICE_FAMILY = "1,2";
				TEST_HOST = "$(BUILT_PRODUCTS_DIR)/SigmaStory.app/$(BUNDLE_EXECUTABLE_FOLDER_PATH)/SigmaStory";
			};
			name = Debug;
		};
		ACBC90A42B8E88D900B9997A /* Release */ = {
			isa = XCBuildConfiguration;
			buildSettings = {
				ALWAYS_EMBED_SWIFT_STANDARD_LIBRARIES = YES;
				BUNDLE_LOADER = "$(TEST_HOST)";
				CODE_SIGN_STYLE = Automatic;
				CURRENT_PROJECT_VERSION = 1;
				DEVELOPMENT_TEAM = 8DD389Y36R;
				GENERATE_INFOPLIST_FILE = YES;
				IPHONEOS_DEPLOYMENT_TARGET = 17.2;
				MARKETING_VERSION = 1.0;
				PRODUCT_BUNDLE_IDENTIFIER = Sigma.SigmaStoryTests;
				PRODUCT_NAME = "$(TARGET_NAME)";
				SWIFT_EMIT_LOC_STRINGS = NO;
				SWIFT_VERSION = 5.0;
				TARGETED_DEVICE_FAMILY = "1,2";
				TEST_HOST = "$(BUILT_PRODUCTS_DIR)/SigmaStory.app/$(BUNDLE_EXECUTABLE_FOLDER_PATH)/SigmaStory";
			};
			name = Release;
		};
		ACBC90A62B8E88D900B9997A /* Debug */ = {
			isa = XCBuildConfiguration;
			buildSettings = {
				ALWAYS_EMBED_SWIFT_STANDARD_LIBRARIES = YES;
				CODE_SIGN_STYLE = Automatic;
				CURRENT_PROJECT_VERSION = 1;
				DEVELOPMENT_TEAM = 8DD389Y36R;
				GENERATE_INFOPLIST_FILE = YES;
				MARKETING_VERSION = 1.0;
				PRODUCT_BUNDLE_IDENTIFIER = Sigma.SigmaStoryUITests;
				PRODUCT_NAME = "$(TARGET_NAME)";
				SWIFT_EMIT_LOC_STRINGS = NO;
				SWIFT_VERSION = 5.0;
				TARGETED_DEVICE_FAMILY = "1,2";
				TEST_TARGET_NAME = SigmaStory;
			};
			name = Debug;
		};
		ACBC90A72B8E88D900B9997A /* Release */ = {
			isa = XCBuildConfiguration;
			buildSettings = {
				ALWAYS_EMBED_SWIFT_STANDARD_LIBRARIES = YES;
				CODE_SIGN_STYLE = Automatic;
				CURRENT_PROJECT_VERSION = 1;
				DEVELOPMENT_TEAM = 8DD389Y36R;
				GENERATE_INFOPLIST_FILE = YES;
				MARKETING_VERSION = 1.0;
				PRODUCT_BUNDLE_IDENTIFIER = Sigma.SigmaStoryUITests;
				PRODUCT_NAME = "$(TARGET_NAME)";
				SWIFT_EMIT_LOC_STRINGS = NO;
				SWIFT_VERSION = 5.0;
				TARGETED_DEVICE_FAMILY = "1,2";
				TEST_TARGET_NAME = SigmaStory;
			};
			name = Release;
		};
/* End XCBuildConfiguration section */

/* Begin XCConfigurationList section */
		ACBC90702B8E88D500B9997A /* Build configuration list for PBXProject "SigmaStory" */ = {
			isa = XCConfigurationList;
			buildConfigurations = (
				ACBC909D2B8E88D900B9997A /* Debug */,
				ACBC909E2B8E88D900B9997A /* Release */,
			);
			defaultConfigurationIsVisible = 0;
			defaultConfigurationName = Release;
		};
		ACBC909F2B8E88D900B9997A /* Build configuration list for PBXNativeTarget "SigmaStory" */ = {
			isa = XCConfigurationList;
			buildConfigurations = (
				ACBC90A02B8E88D900B9997A /* Debug */,
				ACBC90A12B8E88D900B9997A /* Release */,
			);
			defaultConfigurationIsVisible = 0;
			defaultConfigurationName = Release;
		};
		ACBC90A22B8E88D900B9997A /* Build configuration list for PBXNativeTarget "SigmaStoryTests" */ = {
			isa = XCConfigurationList;
			buildConfigurations = (
				ACBC90A32B8E88D900B9997A /* Debug */,
				ACBC90A42B8E88D900B9997A /* Release */,
			);
			defaultConfigurationIsVisible = 0;
			defaultConfigurationName = Release;
		};
		ACBC90A52B8E88D900B9997A /* Build configuration list for PBXNativeTarget "SigmaStoryUITests" */ = {
			isa = XCConfigurationList;
			buildConfigurations = (
				ACBC90A62B8E88D900B9997A /* Debug */,
				ACBC90A72B8E88D900B9997A /* Release */,
			);
			defaultConfigurationIsVisible = 0;
			defaultConfigurationName = Release;
		};
/* End XCConfigurationList section */
	};
	rootObject = ACBC906D2B8E88D500B9997A /* Project object */;
}
